<Solution>
  <Configurations>
    <Platform Name="Any CPU" />
    <Platform Name="x64" />
    <Platform Name="x86" />
  </Configurations>
  <Folder Name="/src/">
    <Project Path="src/Scarlet.Serilog.Sinks.Graylog/Scarlet.Serilog.Sinks.Graylog.csproj" />
  </Folder>
  <Folder Name="/tests/">
    <Project Path="tests/Scarlet.Serilog.Sinks.Graylog.Tests/Scarlet.Serilog.Sinks.Graylog.Tests.csproj" />
  </Folder>
  <Folder Name="/samples/">
    <Project Path="samples/TestApplication/TestApplication.csproj" />
  </Folder>
</Solution>
